
Microsoft Visual Studio Solution File, Format Version 12.00
# Visual Studio Version 17
VisualStudioVersion = 17.11.35312.102
MinimumVisualStudioVersion = 10.0.40219.1
Project("{2150E333-8FDC-42A3-9474-1A3956D46DE8}") = "Solution Items", "Solution Items", "{42BF0193-78B4-4B76-8FEE-7C307078A30D}"
	ProjectSection(SolutionItems) = preProject
		.gitignore = .gitignore
		README.md = README.md
	EndProjectSection
EndProject
Project("{FAE04EC0-301F-11D3-BF4B-00C04F79EFBC}") = "TerminalTestes", "TerminalTestes\TerminalTestes.csproj", "{A59CE705-6196-4C5C-B714-4D87A20C2A7E}"
EndProject
Global
	GlobalSection(SolutionConfigurationPlatforms) = preSolution
		Debug|Any CPU = Debug|Any CPU
		Release|Any CPU = Release|Any CPU
	EndGlobalSection
	GlobalSection(ProjectConfigurationPlatforms) = postSolution
		{A59CE705-6196-4C5C-B714-4D87A20C2A7E}.Debug|Any CPU.ActiveCfg = Debug|Any CPU
		{A59CE705-6196-4C5C-B714-4D87A20C2A7E}.Debug|Any CPU.Build.0 = Debug|Any CPU
		{A59CE705-6196-4C5C-B714-4D87A20C2A7E}.Release|Any CPU.ActiveCfg = Release|Any CPU
		{A59CE705-6196-4C5C-B714-4D87A20C2A7E}.Release|Any CPU.Build.0 = Release|Any CPU
	EndGlobalSection
	GlobalSection(SolutionProperties) = preSolution
		HideSolutionNode = FALSE
	EndGlobalSection
	GlobalSection(ExtensibilityGlobals) = postSolution
		SolutionGuid = {D24B3738-81BC-4A73-8D40-2BE6EBA7DDF2}
	EndGlobalSection
EndGlobal
